{
  "lockfile-version": 1,
  "manifest": {
    "schema-version": "1.13.0",
    "install": {
      "claude-code": {
        "pkg-path": "flox/claude-code",
        "pkg-group": "claude-code"
      },
      "coreutils": {
        "pkg-path": "coreutils"
      },
      "flox-ai": {
        "pkg-path": "flox/flox-ai"
      }
    },
    "options": {},
    "build": {
      "skills-flox": {
        "command": "  mkdir -p \"$out/share/claude-code/plugins/flox\"\n  cp -R flox-plugin/. \"$out/share/claude-code/plugins/flox/\"\n  source .flox/nix/flox-agent-layout.sh\n  flox_agent_layout \"flox\" \"$out/share\"\n",
        "runtime-packages": [],
        "version": "1.0.0",
        "description": "Flox skills (flox, floxify) packaged for Claude Code, Codex, Pi, and OpenCode"
      }
    }
  },
  "packages": [
    {
      "attr_path": "claude-code",
      "broken": false,
      "derivation": "/nix/store/vvrjbn9jsz63lf7hlazrnlbdrdfq1742-claude-code-2.1.211.drv",
      "description": "Agentic coding tool from Anthropic",
      "install_id": "claude-code",
      "license": "Unfree",
      "locked_url": "https://github.com/flox/floxenvs?rev=843e927344d1218c1945ce93689c84c05a01cb04",
      "name": "claude-code-2.1.211",
      "pname": "claude-code",
      "rev": "843e927344d1218c1945ce93689c84c05a01cb04",
      "rev_count": 14690,
      "rev_date": "2026-07-16T01:00:19Z",
      "scrape_date": "2026-07-16T15:25:54.544456Z",
      "stabilities": [
        "stable",
        "staging",
        "unstable"
      ],
      "unfree": true,
      "version": "2.1.211",
      "outputs_to_install": [
        "out"
      ],
      "outputs": {
        "out": "/nix/store/i7q02dzcs80g5wqqx9rqgg0m583pz763-claude-code-2.1.211"
      },
      "system": "aarch64-darwin",
      "group": "claude-code",
      "priority": 5
    },
    {
      "attr_path": "claude-code",
      "broken": false,
      "derivation": "/nix/store/39yfsj1p5ilpn2qbzxvnih63x9r2rf18-claude-code-2.1.211.drv",
      "description": "Agentic coding tool from Anthropic",
      "install_id": "claude-code",
      "license": "Unfree",
      "locked_url": "https://github.com/flox/floxenvs?rev=843e927344d1218c1945ce93689c84c05a01cb04",
      "name": "claude-code-2.1.211",
      "pname": "claude-code",
      "rev": "843e927344d1218c1945ce93689c84c05a01cb04",
      "rev_count": 14690,
      "rev_date": "2026-07-16T01:00:19Z",
      "scrape_date": "2026-07-16T15:25:54.544469Z",
      "stabilities": [
        "stable",
        "staging",
        "unstable"
      ],
      "unfree": true,
      "version": "2.1.211",
      "outputs_to_install": [
        "out"
      ],
      "outputs": {
        "out": "/nix/store/q7ywss7yz0bvx32a0qckm7gi4gm6jmfh-claude-code-2.1.211"
      },
      "system": "aarch64-linux",
      "group": "claude-code",
      "priority": 5
    },
    {
      "attr_path": "claude-code",
      "broken": false,
      "derivation": "/nix/store/qsnj7wbwksabzcswfr9qrzihjl1s535r-claude-code-2.1.211.drv",
      "description": "Agentic coding tool from Anthropic",
      "install_id": "claude-code",
      "license": "Unfree",
      "locked_url": "https://github.com/flox/floxenvs?rev=843e927344d1218c1945ce93689c84c05a01cb04",
      "name": "claude-code-2.1.211",
      "pname": "claude-code",
      "rev": "843e927344d1218c1945ce93689c84c05a01cb04",
      "rev_count": 14690,
      "rev_date": "2026-07-16T01:00:19Z",
      "scrape_date": "2026-07-16T15:25:54.544470Z",
      "stabilities": [
        "stable",
        "staging",
        "unstable"
      ],
      "unfree": true,
      "version": "2.1.211",
      "outputs_to_install": [
        "out"
      ],
      "outputs": {
        "out": "/nix/store/7k1vk076m9gdys7f3saj5rqnlj6h6ik5-claude-code-2.1.211"
      },
      "system": "x86_64-darwin",
      "group": "claude-code",
      "priority": 5
    },
    {
      "attr_path": "claude-code",
      "broken": false,
      "derivation": "/nix/store/484jss1s2d8z7c2i7lgcgqicz081375y-claude-code-2.1.211.drv",
      "description": "Agentic coding tool from Anthropic",
      "install_id": "claude-code",
      "license": "Unfree",
      "locked_url": "https://github.com/flox/floxenvs?rev=843e927344d1218c1945ce93689c84c05a01cb04",
      "name": "claude-code-2.1.211",
      "pname": "claude-code",
      "rev": "843e927344d1218c1945ce93689c84c05a01cb04",
      "rev_count": 14690,
      "rev_date": "2026-07-16T01:00:19Z",
      "scrape_date": "2026-07-16T15:25:54.544471Z",
      "stabilities": [
        "stable",
        "staging",
        "unstable"
      ],
      "unfree": true,
      "version": "2.1.211",
      "outputs_to_install": [
        "out"
      ],
      "outputs": {
        "out": "/nix/store/472p5a0bbfsc8ihzxym6isy4bghmrsck-claude-code-2.1.211"
      },
      "system": "x86_64-linux",
      "group": "claude-code",
      "priority": 5
    },
    {
      "attr_path": "coreutils",
      "broken": false,
      "derivation": "/nix/store/xhh9r2djb00zz515x68m359kv3z35lp6-coreutils-9.11.drv",
      "description": "GNU Core Utilities",
      "install_id": "coreutils",
      "license": "GPL-3.0-or-later",
      "locked_url": "https://github.com/flox/nixpkgs?rev=567a49d1913ce81ac6e9582e3553dd90a955875f",
      "name": "coreutils-9.11",
      "pname": "coreutils",
      "rev": "567a49d1913ce81ac6e9582e3553dd90a955875f",
      "rev_count": 1017464,
      "rev_date": "2026-06-16T02:33:49Z",
      "scrape_date": "2026-06-17T03:13:14.029360Z",
      "stabilities": [
        "stable",
        "staging",
        "unstable"
      ],
      "unfree": false,
      "version": "9.11",
      "outputs_to_install": [
        "out",
        "out",
        "out",
        "out",
        "out",
        "out",
        "out"
      ],
      "outputs": {
        "info": "/nix/store/83kk1z6r4n7il426hl9qhgvjn3gw3i3k-coreutils-9.11-info",
        "out": "/nix/store/y0ha8v4gh5vnwwmp2r0msfbdlvgwv2np-coreutils-9.11"
      },
      "system": "aarch64-darwin",
      "group": "toplevel",
      "priority": 5
    },
    {
      "attr_path": "coreutils",
      "broken": false,
      "derivation": "/nix/store/hcyz1x1w9dxfsmq5kv2abdw2qvnv766h-coreutils-9.11.drv",
      "description": "GNU Core Utilities",
      "install_id": "coreutils",
      "license": "GPL-3.0-or-later",
      "locked_url": "https://github.com/flox/nixpkgs?rev=567a49d1913ce81ac6e9582e3553dd90a955875f",
      "name": "coreutils-9.11",
      "pname": "coreutils",
      "rev": "567a49d1913ce81ac6e9582e3553dd90a955875f",
      "rev_count": 1017464,
      "rev_date": "2026-06-16T02:33:49Z",
      "scrape_date": "2026-06-17T03:44:08.473821Z",
      "stabilities": [
        "stable",
        "staging",
        "unstable"
      ],
      "unfree": false,
      "version": "9.11",
      "outputs_to_install": [
        "out",
        "out",
        "out",
        "out",
        "out"
      ],
      "outputs": {
        "debug": "/nix/store/p2vk0ll7l8dp5n203ffrvjpj491h6x90-coreutils-9.11-debug",
        "info": "/nix/store/c96my4whwlw38gqj39370k93bbbrwn3h-coreutils-9.11-info",
        "out": "/nix/store/9bhf1ff1kwhmyynws5jkjp8k7pkh6kix-coreutils-9.11"
      },
      "system": "aarch64-linux",
      "group": "toplevel",
      "priority": 5
    },
    {
      "attr_path": "coreutils",
      "broken": false,
      "derivation": "/nix/store/9hnqb5qhawavdjqys5bvfy84wyw3n8hd-coreutils-9.11.drv",
      "description": "GNU Core Utilities",
      "install_id": "coreutils",
      "license": "GPL-3.0-or-later",
      "locked_url": "https://github.com/flox/nixpkgs?rev=567a49d1913ce81ac6e9582e3553dd90a955875f",
      "name": "coreutils-9.11",
      "pname": "coreutils",
      "rev": "567a49d1913ce81ac6e9582e3553dd90a955875f",
      "rev_count": 1017464,
      "rev_date": "2026-06-16T02:33:49Z",
      "scrape_date": "2026-06-17T04:13:06.288898Z",
      "stabilities": [
        "stable",
        "staging",
        "unstable"
      ],
      "unfree": false,
      "version": "9.11",
      "outputs_to_install": [
        "out",
        "out",
        "out"
      ],
      "outputs": {
        "info": "/nix/store/6dkbcg1yv4z4h2md9yi5cgr8f6scsgsb-coreutils-9.11-info",
        "out": "/nix/store/5m3k4f22kg542p2lr4ikk2xj6grlmvrg-coreutils-9.11"
      },
      "system": "x86_64-darwin",
      "group": "toplevel",
      "priority": 5
    },
    {
      "attr_path": "coreutils",
      "broken": false,
      "derivation": "/nix/store/08fg4a5d85pnlagm8qrk1pga0zkyjsxm-coreutils-9.11.drv",
      "description": "GNU Core Utilities",
      "install_id": "coreutils",
      "license": "GPL-3.0-or-later",
      "locked_url": "https://github.com/flox/nixpkgs?rev=567a49d1913ce81ac6e9582e3553dd90a955875f",
      "name": "coreutils-9.11",
      "pname": "coreutils",
      "rev": "567a49d1913ce81ac6e9582e3553dd90a955875f",
      "rev_count": 1017464,
      "rev_date": "2026-06-16T02:33:49Z",
      "scrape_date": "2026-06-17T04:47:04.532402Z",
      "stabilities": [
        "stable",
        "staging",
        "unstable"
      ],
      "unfree": false,
      "version": "9.11",
      "outputs_to_install": [
        "out",
        "out",
        "out",
        "out",
        "out",
        "out",
        "out",
        "out",
        "out",
        "out",
        "out",
        "out"
      ],
      "outputs": {
        "debug": "/nix/store/gfcdh00xkdhrd6qqz1gxdlq7ba5xkyaq-coreutils-9.11-debug",
        "info": "/nix/store/77sgl4gzlhg90154z7qk1fqs2qpvsqs8-coreutils-9.11-info",
        "out": "/nix/store/9ypz3flqsrl5xl495mm8h645gadjsxi1-coreutils-9.11"
      },
      "system": "x86_64-linux",
      "group": "toplevel",
      "priority": 5
    },
    {
      "attr_path": "flox-ai",
      "broken": false,
      "derivation": "/nix/store/zp4w0cwp0sxbdch8fij6ifa2rpww45gi-flox-ai-0.8.0.drv",
      "description": "Flox-native config management for Claude Code CLI",
      "install_id": "flox-ai",
      "license": "MIT",
      "locked_url": "https://github.com/flox/floxenvs?rev=69304793cb90e07c2adefd7a05f0f678aed9bf55",
      "name": "flox-ai-0.8.0",
      "pname": "flox-ai",
      "rev": "69304793cb90e07c2adefd7a05f0f678aed9bf55",
      "rev_count": 14161,
      "rev_date": "2026-07-13T15:44:29Z",
      "scrape_date": "2026-07-16T15:38:52.429812Z",
      "stabilities": [
        "stable",
        "staging",
        "unstable"
      ],
      "unfree": false,
      "version": "0.8.0",
      "outputs_to_install": [
        "out"
      ],
      "outputs": {
        "out": "/nix/store/f0lzb5ni2d1sxrnpji9yrl5h12ij6qih-flox-ai-0.8.0"
      },
      "system": "aarch64-darwin",
      "group": "toplevel",
      "priority": 5
    },
    {
      "attr_path": "flox-ai",
      "broken": false,
      "derivation": "/nix/store/q68na0i39gz4x3j61ivpdfyanrrp16dk-flox-ai-0.8.0.drv",
      "description": "Flox-native config management for Claude Code CLI",
      "install_id": "flox-ai",
      "license": "MIT",
      "locked_url": "https://github.com/flox/floxenvs?rev=69304793cb90e07c2adefd7a05f0f678aed9bf55",
      "name": "flox-ai-0.8.0",
      "pname": "flox-ai",
      "rev": "69304793cb90e07c2adefd7a05f0f678aed9bf55",
      "rev_count": 14161,
      "rev_date": "2026-07-13T15:44:29Z",
      "scrape_date": "2026-07-16T15:38:52.429814Z",
      "stabilities": [
        "stable",
        "staging",
        "unstable"
      ],
      "unfree": false,
      "version": "0.8.0",
      "outputs_to_install": [
        "out"
      ],
      "outputs": {
        "out": "/nix/store/ngx0s4wqfx12631i5ak5yn6bzmk29b2b-flox-ai-0.8.0"
      },
      "system": "aarch64-linux",
      "group": "toplevel",
      "priority": 5
    },
    {
      "attr_path": "flox-ai",
      "broken": false,
      "derivation": "/nix/store/n3ha548ngmaczyjliqbni4xwla76s48f-flox-ai-0.8.0.drv",
      "description": "Flox-native config management for Claude Code CLI",
      "install_id": "flox-ai",
      "license": "MIT",
      "locked_url": "https://github.com/flox/floxenvs?rev=69304793cb90e07c2adefd7a05f0f678aed9bf55",
      "name": "flox-ai-0.8.0",
      "pname": "flox-ai",
      "rev": "69304793cb90e07c2adefd7a05f0f678aed9bf55",
      "rev_count": 14161,
      "rev_date": "2026-07-13T15:44:29Z",
      "scrape_date": "2026-07-16T15:38:52.429815Z",
      "stabilities": [
        "stable",
        "staging",
        "unstable"
      ],
      "unfree": false,
      "version": "0.8.0",
      "outputs_to_install": [
        "out"
      ],
      "outputs": {
        "out": "/nix/store/g53gm910jsgaqcld3hjxlndd068qbli0-flox-ai-0.8.0"
      },
      "system": "x86_64-darwin",
      "group": "toplevel",
      "priority": 5
    },
    {
      "attr_path": "flox-ai",
      "broken": false,
      "derivation": "/nix/store/scgz7wagyl5sv48ykpzrck78ja6rf310-flox-ai-0.8.0.drv",
      "description": "Flox-native config management for Claude Code CLI",
      "install_id": "flox-ai",
      "license": "MIT",
      "locked_url": "https://github.com/flox/floxenvs?rev=69304793cb90e07c2adefd7a05f0f678aed9bf55",
      "name": "flox-ai-0.8.0",
      "pname": "flox-ai",
      "rev": "69304793cb90e07c2adefd7a05f0f678aed9bf55",
      "rev_count": 14161,
      "rev_date": "2026-07-13T15:44:29Z",
      "scrape_date": "2026-07-16T15:38:52.429816Z",
      "stabilities": [
        "stable",
        "staging",
        "unstable"
      ],
      "unfree": false,
      "version": "0.8.0",
      "outputs_to_install": [
        "out"
      ],
      "outputs": {
        "out": "/nix/store/fw9wj78gija7qx4r09ia48fqnpm7j2kh-flox-ai-0.8.0"
      },
      "system": "x86_64-linux",
      "group": "toplevel",
      "priority": 5
    }
  ]
}
