{
  "lockfile-version": 1,
  "manifest": {
    "schema-version": "1.13.0",
    "install": {
      "claude-code": {
        "pkg-path": "flox/claude-code"
      },
      "codex": {
        "pkg-path": "flox/codex"
      },
      "git": {
        "pkg-path": "git"
      },
      "jq": {
        "pkg-path": "jq"
      },
      "nodejs": {
        "pkg-path": "nodejs"
      },
      "opencode": {
        "pkg-path": "flox/opencode"
      }
    },
    "options": {
      "systems": [
        "x86_64-linux"
      ]
    }
  },
  "packages": [
    {
      "attr_path": "claude-code",
      "broken": false,
      "derivation": "/nix/store/8f68lcp2bp10lz3wg7c24xn11gqymprz-claude-code-2.1.220.drv",
      "description": "Agentic coding tool from Anthropic",
      "install_id": "claude-code",
      "license": "Unfree",
      "locked_url": "https://github.com/flox/floxenvs?rev=b462aad5bfa753cd23eaf5656aad3195d4ae2b87",
      "name": "claude-code-2.1.220",
      "pname": "claude-code",
      "rev": "b462aad5bfa753cd23eaf5656aad3195d4ae2b87",
      "rev_count": 16135,
      "rev_date": "2026-07-25T07:00:39Z",
      "scrape_date": "2026-07-28T14:20:49.513723754Z",
      "stabilities": [
        "stable",
        "staging",
        "unstable"
      ],
      "unfree": true,
      "version": "2.1.220",
      "outputs_to_install": [
        "out"
      ],
      "outputs": {
        "out": "/nix/store/4jwjd8387abmkxcrfblhc6c28zli4f4p-claude-code-2.1.220"
      },
      "system": "x86_64-linux",
      "group": "toplevel",
      "priority": 5
    },
    {
      "attr_path": "codex",
      "broken": false,
      "derivation": "/nix/store/63ian7kw8xnni3q9fz66r8ki50ffcw81-codex-0.145.0.drv",
      "description": "OpenAI Codex CLI - a coding agent that runs locally",
      "install_id": "codex",
      "license": "Apache-2.0",
      "locked_url": "https://github.com/flox/floxenvs?rev=82b94973f0258da7509356781a5bcb8cff8b0f4c",
      "name": "codex-0.145.0",
      "pname": "codex",
      "rev": "82b94973f0258da7509356781a5bcb8cff8b0f4c",
      "rev_count": 15547,
      "rev_date": "2026-07-22T01:00:51Z",
      "scrape_date": "2026-07-28T14:20:49.513739439Z",
      "stabilities": [
        "stable",
        "staging",
        "unstable"
      ],
      "unfree": false,
      "version": "0.145.0",
      "outputs_to_install": [
        "out"
      ],
      "outputs": {
        "out": "/nix/store/s8199mfhp39vrv589ljjxxy802kyfyva-codex-0.145.0"
      },
      "system": "x86_64-linux",
      "group": "toplevel",
      "priority": 5
    },
    {
      "attr_path": "git",
      "broken": false,
      "derivation": "/nix/store/hg2n96ng32fxylxqci9jb8rwgd4hpc5g-git-2.54.0.drv",
      "description": "Distributed version control system",
      "install_id": "git",
      "license": "GPL-2.0",
      "locked_url": "https://github.com/flox/nixpkgs?rev=567a49d1913ce81ac6e9582e3553dd90a955875f",
      "name": "git-2.54.0",
      "pname": "git",
      "rev": "567a49d1913ce81ac6e9582e3553dd90a955875f",
      "rev_count": 1017464,
      "rev_date": "2026-06-16T02:33:49Z",
      "scrape_date": "2026-06-17T04:47:05.961403Z",
      "stabilities": [
        "stable",
        "staging",
        "unstable"
      ],
      "unfree": false,
      "version": "2.54.0",
      "outputs_to_install": [
        "out",
        "out",
        "out",
        "out",
        "out"
      ],
      "outputs": {
        "debug": "/nix/store/72fyakk8w8idjbksk0h8jbkq6sgvcm85-git-2.54.0-debug",
        "doc": "/nix/store/l444690y78nfdwyzm6mghagl7xa97myf-git-2.54.0-doc",
        "out": "/nix/store/bcnisk3ydfgv26v2gw3zlky24g00yww2-git-2.54.0"
      },
      "system": "x86_64-linux",
      "group": "toplevel",
      "priority": 5
    },
    {
      "attr_path": "jq",
      "broken": false,
      "derivation": "/nix/store/pq80zlnpxhzi25ninrrjjl0y1sd90hzk-jq-1.8.1.drv",
      "description": "Lightweight and flexible command-line JSON processor",
      "install_id": "jq",
      "license": "MIT",
      "locked_url": "https://github.com/flox/nixpkgs?rev=567a49d1913ce81ac6e9582e3553dd90a955875f",
      "name": "jq-1.8.1",
      "pname": "jq",
      "rev": "567a49d1913ce81ac6e9582e3553dd90a955875f",
      "rev_count": 1017464,
      "rev_date": "2026-06-16T02:33:49Z",
      "scrape_date": "2026-06-17T04:47:28.480167Z",
      "stabilities": [
        "stable",
        "staging",
        "unstable"
      ],
      "unfree": false,
      "version": "1.8.1",
      "outputs_to_install": [
        "bin",
        "bin",
        "bin",
        "bin",
        "bin",
        "bin",
        "man",
        "man"
      ],
      "outputs": {
        "bin": "/nix/store/s04d6wm3kqjdgr7zdhlk214f6a2291ks-jq-1.8.1-bin",
        "dev": "/nix/store/fmsvbcz2s85pmszdvwp4mhlamiv5lnzg-jq-1.8.1-dev",
        "doc": "/nix/store/hhh2h4x4rhh6qbqa6620bvhz652cgw4m-jq-1.8.1-doc",
        "man": "/nix/store/ncw52xsl5hgplh8csybbp9fli64iw1aq-jq-1.8.1-man",
        "out": "/nix/store/7a1hndk12kz9wwh9sz8hzkkwgxq6rrnk-jq-1.8.1"
      },
      "system": "x86_64-linux",
      "group": "toplevel",
      "priority": 5
    },
    {
      "attr_path": "nodejs",
      "broken": false,
      "derivation": "/nix/store/f8i8jydaqs0ngxm97c091zna2mnjb43f-nodejs-24.15.0.drv",
      "description": "Event-driven I/O framework for the V8 JavaScript engine",
      "install_id": "nodejs",
      "license": "MIT",
      "locked_url": "https://github.com/flox/nixpkgs?rev=567a49d1913ce81ac6e9582e3553dd90a955875f",
      "name": "nodejs-24.15.0",
      "pname": "nodejs",
      "rev": "567a49d1913ce81ac6e9582e3553dd90a955875f",
      "rev_count": 1017464,
      "rev_date": "2026-06-16T02:33:49Z",
      "scrape_date": "2026-06-17T04:47:47.914293Z",
      "stabilities": [
        "stable",
        "staging",
        "unstable"
      ],
      "unfree": false,
      "version": "24.15.0",
      "outputs_to_install": [
        "out",
        "out"
      ],
      "outputs": {
        "out": "/nix/store/5a8ysg1jnj8jmzzyfcfw7rvpvnp5rfpa-nodejs-24.15.0"
      },
      "system": "x86_64-linux",
      "group": "toplevel",
      "priority": 5
    },
    {
      "attr_path": "opencode",
      "broken": false,
      "derivation": "/nix/store/zc4cna6x0d2pjky6ayrhh8q3cnnl244g-opencode-1.18.8.drv",
      "description": "AI coding agent built for the terminal",
      "install_id": "opencode",
      "license": "MIT",
      "locked_url": "https://github.com/flox/floxenvs?rev=ee22e8ec7da48c26c99d736802366cf098e557be",
      "name": "opencode-1.18.8",
      "pname": "opencode",
      "rev": "ee22e8ec7da48c26c99d736802366cf098e557be",
      "rev_count": 16657,
      "rev_date": "2026-07-28T08:00:30Z",
      "scrape_date": "2026-07-28T14:20:49.513754644Z",
      "stabilities": [
        "stable",
        "staging",
        "unstable"
      ],
      "unfree": false,
      "version": "1.18.8",
      "outputs_to_install": [
        "out"
      ],
      "outputs": {
        "out": "/nix/store/d1qm3bwfyx1lqrp47ld510zxh7gnvc93-opencode-1.18.8"
      },
      "system": "x86_64-linux",
      "group": "toplevel",
      "priority": 5
    }
  ]
}
